
Microsoft Visual Studio Solution File, Format Version 12.00
# Visual Studio 14
VisualStudioVersion = 14.0.23107.0
MinimumVisualStudioVersion = 10.0.40219.1
Project("{FAE04EC0-301F-11D3-BF4B-00C04F79EFBC}") = "sc-82-demo", "sc-82-demo\sc-82-demo.csproj", "{DBCC4751-8AE2-4B31-8E1D-B30AACF7E8A5}"
EndProject
Project("{FAE04EC0-301F-11D3-BF4B-00C04F79EFBC}") = "sc-82-demo.Tests", "sc-82-demo.Tests\sc-82-demo.Tests.csproj", "{648E0B92-C166-4322-9FBE-4ADC6F4E7D56}"
EndProject
Global
	GlobalSection(SolutionConfigurationPlatforms) = preSolution
		Debug|Any CPU = Debug|Any CPU
		Release|Any CPU = Release|Any CPU
	EndGlobalSection
	GlobalSection(ProjectConfigurationPlatforms) = postSolution
		{DBCC4751-8AE2-4B31-8E1D-B30AACF7E8A5}.Debug|Any CPU.ActiveCfg = Debug|Any CPU
		{DBCC4751-8AE2-4B31-8E1D-B30AACF7E8A5}.Debug|Any CPU.Build.0 = Debug|Any CPU
		{DBCC4751-8AE2-4B31-8E1D-B30AACF7E8A5}.Release|Any CPU.ActiveCfg = Release|Any CPU
		{DBCC4751-8AE2-4B31-8E1D-B30AACF7E8A5}.Release|Any CPU.Build.0 = Release|Any CPU
		{648E0B92-C166-4322-9FBE-4ADC6F4E7D56}.Debug|Any CPU.ActiveCfg = Debug|Any CPU
		{648E0B92-C166-4322-9FBE-4ADC6F4E7D56}.Debug|Any CPU.Build.0 = Debug|Any CPU
		{648E0B92-C166-4322-9FBE-4ADC6F4E7D56}.Release|Any CPU.ActiveCfg = Release|Any CPU
		{648E0B92-C166-4322-9FBE-4ADC6F4E7D56}.Release|Any CPU.Build.0 = Release|Any CPU
	EndGlobalSection
	GlobalSection(SolutionProperties) = preSolution
		HideSolutionNode = FALSE
	EndGlobalSection
EndGlobal
